
Microsoft Visual Studio Solution File, Format Version 12.00
# Visual Studio Version 16
VisualStudioVersion = 16.0.29209.62
MinimumVisualStudioVersion = 10.0.40219.1
Project("{9A19103F-16F7-4668-BE54-9A1E7A4F7556}") = "VocabularyHub.Api", "VocabularyHub.Api\VocabularyHub.Api.csproj", "{544DC057-2D2C-42DF-8C95-7F5C46732E67}"
EndProject
Project("{9A19103F-16F7-4668-BE54-9A1E7A4F7556}") = "VocabularyHub.Application", "VocabularyHub.Application\VocabularyHub.Application.csproj", "{D1B0EEDC-5743-4E97-8200-C74641FBFB4A}"
EndProject
Project("{9A19103F-16F7-4668-BE54-9A1E7A4F7556}") = "VocabularyHub.Persistence", "VocabularyHub.Persistence\VocabularyHub.Persistence.csproj", "{04EDA093-CB6C-4468-9AE1-190BC6FAA5F0}"
EndProject
Project("{9A19103F-16F7-4668-BE54-9A1E7A4F7556}") = "VocabularyHub.Web", "VocabularyHub.Web\VocabularyHub.Web.csproj", "{5BB02B59-6CC8-449C-A99B-887AE0A4F2AC}"
EndProject
Project("{FAE04EC0-301F-11D3-BF4B-00C04F79EFBC}") = "VocabularyHub.Common", "VocabularyHub.Common\VocabularyHub.Common.csproj", "{882AA9A7-3E6D-4EB6-A617-570560C5C3F5}"
EndProject
Global
	GlobalSection(SolutionConfigurationPlatforms) = preSolution
		Debug|Any CPU = Debug|Any CPU
		Release|Any CPU = Release|Any CPU
	EndGlobalSection
	GlobalSection(ProjectConfigurationPlatforms) = postSolution
		{544DC057-2D2C-42DF-8C95-7F5C46732E67}.Debug|Any CPU.ActiveCfg = Debug|Any CPU
		{544DC057-2D2C-42DF-8C95-7F5C46732E67}.Debug|Any CPU.Build.0 = Debug|Any CPU
		{544DC057-2D2C-42DF-8C95-7F5C46732E67}.Release|Any CPU.ActiveCfg = Release|Any CPU
		{544DC057-2D2C-42DF-8C95-7F5C46732E67}.Release|Any CPU.Build.0 = Release|Any CPU
		{D1B0EEDC-5743-4E97-8200-C74641FBFB4A}.Debug|Any CPU.ActiveCfg = Debug|Any CPU
		{D1B0EEDC-5743-4E97-8200-C74641FBFB4A}.Debug|Any CPU.Build.0 = Debug|Any CPU
		{D1B0EEDC-5743-4E97-8200-C74641FBFB4A}.Release|Any CPU.ActiveCfg = Release|Any CPU
		{D1B0EEDC-5743-4E97-8200-C74641FBFB4A}.Release|Any CPU.Build.0 = Release|Any CPU
		{04EDA093-CB6C-4468-9AE1-190BC6FAA5F0}.Debug|Any CPU.ActiveCfg = Debug|Any CPU
		{04EDA093-CB6C-4468-9AE1-190BC6FAA5F0}.Debug|Any CPU.Build.0 = Debug|Any CPU
		{04EDA093-CB6C-4468-9AE1-190BC6FAA5F0}.Release|Any CPU.ActiveCfg = Release|Any CPU
		{04EDA093-CB6C-4468-9AE1-190BC6FAA5F0}.Release|Any CPU.Build.0 = Release|Any CPU
		{5BB02B59-6CC8-449C-A99B-887AE0A4F2AC}.Debug|Any CPU.ActiveCfg = Debug|Any CPU
		{5BB02B59-6CC8-449C-A99B-887AE0A4F2AC}.Debug|Any CPU.Build.0 = Debug|Any CPU
		{5BB02B59-6CC8-449C-A99B-887AE0A4F2AC}.Release|Any CPU.ActiveCfg = Release|Any CPU
		{5BB02B59-6CC8-449C-A99B-887AE0A4F2AC}.Release|Any CPU.Build.0 = Release|Any CPU
		{882AA9A7-3E6D-4EB6-A617-570560C5C3F5}.Debug|Any CPU.ActiveCfg = Debug|Any CPU
		{882AA9A7-3E6D-4EB6-A617-570560C5C3F5}.Debug|Any CPU.Build.0 = Debug|Any CPU
		{882AA9A7-3E6D-4EB6-A617-570560C5C3F5}.Release|Any CPU.ActiveCfg = Release|Any CPU
		{882AA9A7-3E6D-4EB6-A617-570560C5C3F5}.Release|Any CPU.Build.0 = Release|Any CPU
	EndGlobalSection
	GlobalSection(SolutionProperties) = preSolution
		HideSolutionNode = FALSE
	EndGlobalSection
	GlobalSection(ExtensibilityGlobals) = postSolution
		SolutionGuid = {F4BCBBE0-89A9-4E0E-9FC5-730B9D04386D}
	EndGlobalSection
EndGlobal
